<?xml version="1.0" encoding="utf-8"?>
<Project ToolsVersion="4.0" xmlns="http://schemas.microsoft.com/developer/msbuild/2003">
  <ItemGroup>
    <Filter Include="源文件">
      <UniqueIdentifier>{4FC737F1-C7A5-4376-A066-2A32D752A2FF}</UniqueIdentifier>
      <Extensions>cpp;c;cc;cxx;c++;cppm;ixx;def;odl;idl;hpj;bat;asm;asmx</Extensions>
    </Filter>
    <Filter Include="头文件">
      <UniqueIdentifier>{93995380-89BD-4b04-88EB-625FBE52EBFB}</UniqueIdentifier>
      <Extensions>h;hh;hpp;hxx;h++;hm;inl;inc;ipp;xsd</Extensions>
    </Filter>
    <Filter Include="资源文件">
      <UniqueIdentifier>{67DA6AB6-F800-4c08-8B7A-83BB121AAD01}</UniqueIdentifier>
      <Extensions>rc;ico;cur;bmp;dlg;rc2;rct;bin;rgs;gif;jpg;jpeg;jpe;resx;tiff;tif;png;wav;mfcribbon-ms</Extensions>
    </Filter>
    <Filter Include="源文件\DataReader">
      <UniqueIdentifier>{c5f5b5f5-2d8a-4e73-a713-27326536f6ba}</UniqueIdentifier>
    </Filter>
    <Filter Include="头文件\LexicalAnalyze">
      <UniqueIdentifier>{0108f38f-a566-4c91-8fa9-c570a3e8a3b3}</UniqueIdentifier>
    </Filter>
    <Filter Include="头文件\DataReade">
      <UniqueIdentifier>{bb4c0fd7-464e-4bdb-8b1a-4ebcdded6f35}</UniqueIdentifier>
    </Filter>
    <Filter Include="源文件\LexicalAnalyze">
      <UniqueIdentifier>{70f97e7f-d7af-44f1-9558-a92d18647426}</UniqueIdentifier>
    </Filter>
    <Filter Include="源文件\SyntacticAnalyze">
      <UniqueIdentifier>{d10e0448-29f1-4620-b303-65fb5ad1c5b3}</UniqueIdentifier>
    </Filter>
    <Filter Include="头文件\SyntacticAnalyze">
      <UniqueIdentifier>{27e44fef-1e11-4ab7-b875-d9bd08ecd6b0}</UniqueIdentifier>
    </Filter>
  </ItemGroup>
  <ItemGroup>
    <ClInclude Include="DataReader.h">
      <Filter>头文件\DataReade</Filter>
    </ClInclude>
    <ClInclude Include="FileReader.h">
      <Filter>头文件\DataReade</Filter>
    </ClInclude>
    <ClInclude Include="LexicalAnalyzer.h">
      <Filter>头文件\LexicalAnalyze</Filter>
    </ClInclude>
    <ClInclude Include="SyntacticAnalyzer.h">
      <Filter>头文件\SyntacticAnalyze</Filter>
    </ClInclude>
    <ClInclude Include="StringReader.h">
      <Filter>头文件\DataReade</Filter>
    </ClInclude>
  </ItemGroup>
  <ItemGroup>
    <ClCompile Include="main.cpp">
      <Filter>源文件</Filter>
    </ClCompile>
    <ClCompile Include="FileReader.cpp">
      <Filter>源文件\DataReader</Filter>
    </ClCompile>
    <ClCompile Include="LexicalAnalyzer.cpp">
      <Filter>源文件\LexicalAnalyze</Filter>
    </ClCompile>
    <ClCompile Include="SyntacticAnalyzer.cpp">
      <Filter>源文件\SyntacticAnalyze</Filter>
    </ClCompile>
    <ClCompile Include="StringReader.cpp">
      <Filter>源文件\DataReader</Filter>
    </ClCompile>
  </ItemGroup>
</Project>